
Microsoft Visual Studio Solution File, Format Version 12.00
# Visual Studio 15
VisualStudioVersion = 15.0.26228.4
MinimumVisualStudioVersion = 10.0.40219.1
Project("{FAE04EC0-301F-11D3-BF4B-00C04F79EFBC}") = "ExtText", "ExtText\ExtText.csproj", "{A436D7AA-274A-4EA0-A23B-04B1A19C459C}"
EndProject
Global
	GlobalSection(SolutionConfigurationPlatforms) = preSolution
		Debug|Any CPU = Debug|Any CPU
		Release|Any CPU = Release|Any CPU
	EndGlobalSection
	GlobalSection(ProjectConfigurationPlatforms) = postSolution
		{A436D7AA-274A-4EA0-A23B-04B1A19C459C}.Debug|Any CPU.ActiveCfg = Debug|Any CPU
		{A436D7AA-274A-4EA0-A23B-04B1A19C459C}.Debug|Any CPU.Build.0 = Debug|Any CPU
		{A436D7AA-274A-4EA0-A23B-04B1A19C459C}.Release|Any CPU.ActiveCfg = Release|Any CPU
		{A436D7AA-274A-4EA0-A23B-04B1A19C459C}.Release|Any CPU.Build.0 = Release|Any CPU
	EndGlobalSection
	GlobalSection(SolutionProperties) = preSolution
		HideSolutionNode = FALSE
	EndGlobalSection
EndGlobal
